
Microsoft Visual Studio Solution File, Format Version 11.00
# Visual Studio 2010
Project("{8BC9CEB8-8B4A-11D0-8D11-00A0C91BC942}") = "GenerateAllSubsets", "GenerateAllSubsets\GenerateAllSubsets.vcxproj", "{BA4A0132-0047-4B4A-92C1-CA46C78C052D}"
EndProject
Global
	GlobalSection(SolutionConfigurationPlatforms) = preSolution
		Debug|Win32 = Debug|Win32
		Release|Win32 = Release|Win32
	EndGlobalSection
	GlobalSection(ProjectConfigurationPlatforms) = postSolution
		{BA4A0132-0047-4B4A-92C1-CA46C78C052D}.Debug|Win32.ActiveCfg = Debug|Win32
		{BA4A0132-0047-4B4A-92C1-CA46C78C052D}.Debug|Win32.Build.0 = Debug|Win32
		{BA4A0132-0047-4B4A-92C1-CA46C78C052D}.Release|Win32.ActiveCfg = Release|Win32
		{BA4A0132-0047-4B4A-92C1-CA46C78C052D}.Release|Win32.Build.0 = Release|Win32
	EndGlobalSection
	GlobalSection(SolutionProperties) = preSolution
		HideSolutionNode = FALSE
	EndGlobalSection
EndGlobal
