
Microsoft Visual Studio Solution File, Format Version 11.00
# Visual Studio 2010
Project("{8BC9CEB8-8B4A-11D0-8D11-00A0C91BC942}") = "fibonacci", "fibonacci\fibonacci.vcxproj", "{99129F0F-2E9A-41B5-B921-D2A9E2779C5B}"
EndProject
Global
	GlobalSection(SolutionConfigurationPlatforms) = preSolution
		Debug|Win32 = Debug|Win32
		Release|Win32 = Release|Win32
	EndGlobalSection
	GlobalSection(ProjectConfigurationPlatforms) = postSolution
		{99129F0F-2E9A-41B5-B921-D2A9E2779C5B}.Debug|Win32.ActiveCfg = Debug|Win32
		{99129F0F-2E9A-41B5-B921-D2A9E2779C5B}.Debug|Win32.Build.0 = Debug|Win32
		{99129F0F-2E9A-41B5-B921-D2A9E2779C5B}.Release|Win32.ActiveCfg = Release|Win32
		{99129F0F-2E9A-41B5-B921-D2A9E2779C5B}.Release|Win32.Build.0 = Release|Win32
	EndGlobalSection
	GlobalSection(SolutionProperties) = preSolution
		HideSolutionNode = FALSE
	EndGlobalSection
EndGlobal
